
Microsoft Visual Studio Solution File, Format Version 12.00
# Visual Studio Version 17
VisualStudioVersion = 17.10.35013.160
MinimumVisualStudioVersion = 10.0.40219.1
Project("{8BC9CEB8-8B4A-11D0-8D11-00A0C91BC942}") = "Возведение в квадрат", "Возведение в квадрат.vcxproj", "{D703421D-890A-4B80-A44E-00EDEF440E18}"
EndProject
Global
	GlobalSection(SolutionConfigurationPlatforms) = preSolution
		Debug|x64 = Debug|x64
		Debug|x86 = Debug|x86
		Release|x64 = Release|x64
		Release|x86 = Release|x86
	EndGlobalSection
	GlobalSection(ProjectConfigurationPlatforms) = postSolution
		{D703421D-890A-4B80-A44E-00EDEF440E18}.Debug|x64.ActiveCfg = Debug|x64
		{D703421D-890A-4B80-A44E-00EDEF440E18}.Debug|x64.Build.0 = Debug|x64
		{D703421D-890A-4B80-A44E-00EDEF440E18}.Debug|x86.ActiveCfg = Debug|Win32
		{D703421D-890A-4B80-A44E-00EDEF440E18}.Debug|x86.Build.0 = Debug|Win32
		{D703421D-890A-4B80-A44E-00EDEF440E18}.Release|x64.ActiveCfg = Release|x64
		{D703421D-890A-4B80-A44E-00EDEF440E18}.Release|x64.Build.0 = Release|x64
		{D703421D-890A-4B80-A44E-00EDEF440E18}.Release|x86.ActiveCfg = Release|Win32
		{D703421D-890A-4B80-A44E-00EDEF440E18}.Release|x86.Build.0 = Release|Win32
	EndGlobalSection
	GlobalSection(SolutionProperties) = preSolution
		HideSolutionNode = FALSE
	EndGlobalSection
	GlobalSection(ExtensibilityGlobals) = postSolution
		SolutionGuid = {89F378A2-86AB-4A57-9013-B644238B1C80}
	EndGlobalSection
EndGlobal
